package: github.com/rancher/fluentd-helper
import:
- package: github.com/Sirupsen/logrus
  version: v0.10.0
- package: github.com/fsnotify/fsnotify
  version: c2828203cd70a50dcccfb2761f8b1f8ceef9a8e9
- package: github.com/urfave/cli
  version: v1.18.0
- package: golang.org/x/sys/unix
  version: 3dbebcf8efb6a5011a60c2b4591c1022a759af8a
